
Microsoft Visual Studio Solution File, Format Version 12.00
# Visual Studio Version 16
VisualStudioVersion = 16.0.31205.134
MinimumVisualStudioVersion = 10.0.40219.1
Project("{FAE04EC0-301F-11D3-BF4B-00C04F79EFBC}") = "Zadanie1_IT", "Zadanie1_IT\Zadanie1_IT.csproj", "{A14BA6AF-2EFF-4DBD-AB1B-B3DAE12F7B9D}"
EndProject
Global
	GlobalSection(SolutionConfigurationPlatforms) = preSolution
		Debug|Any CPU = Debug|Any CPU
		Release|Any CPU = Release|Any CPU
	EndGlobalSection
	GlobalSection(ProjectConfigurationPlatforms) = postSolution
		{A14BA6AF-2EFF-4DBD-AB1B-B3DAE12F7B9D}.Debug|Any CPU.ActiveCfg = Debug|Any CPU
		{A14BA6AF-2EFF-4DBD-AB1B-B3DAE12F7B9D}.Debug|Any CPU.Build.0 = Debug|Any CPU
		{A14BA6AF-2EFF-4DBD-AB1B-B3DAE12F7B9D}.Release|Any CPU.ActiveCfg = Release|Any CPU
		{A14BA6AF-2EFF-4DBD-AB1B-B3DAE12F7B9D}.Release|Any CPU.Build.0 = Release|Any CPU
	EndGlobalSection
	GlobalSection(SolutionProperties) = preSolution
		HideSolutionNode = FALSE
	EndGlobalSection
	GlobalSection(ExtensibilityGlobals) = postSolution
		SolutionGuid = {9D1BFE63-FB18-4ACC-8D3A-67C9FFACDE2C}
	EndGlobalSection
EndGlobal
